<?xml version="1.0" encoding="utf-8"?>
<Project ToolsVersion="4.0" xmlns="http://schemas.microsoft.com/developer/msbuild/2003">
  <ItemGroup>
    <Filter Include="Source Files">
      <UniqueIdentifier>{2370862a-47e2-4ab2-bc66-fc484217c516}</UniqueIdentifier>
      <Extensions>cpp;c;cxx;rc;def;r;odl;idl;hpj;bat</Extensions>
    </Filter>
    <Filter Include="Header Files">
      <UniqueIdentifier>{8117e6f8-0673-4c3d-ba4e-7867ee984a91}</UniqueIdentifier>
      <Extensions>h;hpp;hxx;hm;inl</Extensions>
    </Filter>
    <Filter Include="Resource Files">
      <UniqueIdentifier>{d7c2d8a5-f684-4eed-bb3e-c04646baae97}</UniqueIdentifier>
      <Extensions>ico;cur;bmp;dlg;rc2;rct;bin;rgs;gif;jpg;jpeg;jpe</Extensions>
    </Filter>
    <Filter Include="scripts">
      <UniqueIdentifier>{6650c701-ec75-4fa2-bf53-14b3875b3d5c}</UniqueIdentifier>
    </Filter>
  </ItemGroup>
  <ItemGroup>
    <ClCompile Include="maxniftools.cpp">
      <Filter>Source Files</Filter>
    </ClCompile>
    <ClCompile Include="DllEntry.cpp">
      <Filter>Source Files</Filter>
    </ClCompile>
    <ClCompile Include="maxtoolsimporter.cpp">
      <Filter>Source Files</Filter>
    </ClCompile>
    <ClCompile Include="maxniftoolsexporter.cpp">
      <Filter>Source Files</Filter>
    </ClCompile>
  </ItemGroup>
  <ItemGroup>
    <None Include="maxniftools.def">
      <Filter>Source Files</Filter>
    </None>
    <None Include="scripts\bsdHavok.ms">
      <Filter>scripts</Filter>
    </None>
    <None Include="scripts\BsDismemberModifier.ms">
      <Filter>scripts</Filter>
    </None>
    <None Include="scripts\gametools.ms">
      <Filter>scripts</Filter>
    </None>
    <None Include="scripts\tes.ms">
      <Filter>scripts</Filter>
    </None>
  </ItemGroup>
  <ItemGroup>
    <ClInclude Include="maxniftools.h">
      <Filter>Header Files</Filter>
    </ClInclude>
    <ClInclude Include="resource.h">
      <Filter>Header Files</Filter>
    </ClInclude>
  </ItemGroup>
  <ItemGroup>
    <ResourceCompile Include="maxniftools.rc">
      <Filter>Resource Files</Filter>
    </ResourceCompile>
  </ItemGroup>
</Project>